
Microsoft Visual Studio Solution File, Format Version 12.00
# Visual Studio Version 17
VisualStudioVersion = 17.1.32210.238
MinimumVisualStudioVersion = 10.0.40219.1
Project("{9A19103F-16F7-4668-BE54-9A1E7A4F7556}") = "ControleContatos", "ControleContatos.csproj", "{AE280DEF-363D-45D7-B4FA-7287D2A357E1}"
EndProject
Global
	GlobalSection(SolutionConfigurationPlatforms) = preSolution
		Debug|Any CPU = Debug|Any CPU
		Release|Any CPU = Release|Any CPU
	EndGlobalSection
	GlobalSection(ProjectConfigurationPlatforms) = postSolution
		{AE280DEF-363D-45D7-B4FA-7287D2A357E1}.Debug|Any CPU.ActiveCfg = Debug|Any CPU
		{AE280DEF-363D-45D7-B4FA-7287D2A357E1}.Debug|Any CPU.Build.0 = Debug|Any CPU
		{AE280DEF-363D-45D7-B4FA-7287D2A357E1}.Release|Any CPU.ActiveCfg = Release|Any CPU
		{AE280DEF-363D-45D7-B4FA-7287D2A357E1}.Release|Any CPU.Build.0 = Release|Any CPU
	EndGlobalSection
	GlobalSection(SolutionProperties) = preSolution
		HideSolutionNode = FALSE
	EndGlobalSection
	GlobalSection(ExtensibilityGlobals) = postSolution
		SolutionGuid = {9690A0B1-0573-4A27-8FC8-75B37CEEF32C}
	EndGlobalSection
EndGlobal
